{
  "name": "nuedb-driver",
  "version": "0.0.2",
  "lockfileVersion": 3,
  "requires": true,
  "packages": {
    "": {
      "name": "nuedb-driver",
      "version": "0.0.2",
      "license": "ISC",
      "dependencies": {
        "nuedb-client": "0.0.3"
      }
    },
    "node_modules/nuedb-client": {
      "version": "0.0.3",
      "resolved": "https://registry.npmjs.org/nuedb-client/-/nuedb-client-0.0.3.tgz",
      "integrity": "sha512-uuGcyPTaxmuHuoApnPC8+YtubCTFc8W36N3dMlHtoUCE/pgIWEtNFZkC68kW/GXF2UQ48UX1rIDTfWkEMcEA0A=="
    }
  }
}
