{
  "name": "nuedb-driver",
  "version": "0.0.0",
  "lockfileVersion": 3,
  "requires": true,
  "packages": {
    "": {
      "name": "nuedb-driver",
      "version": "0.0.0",
      "license": "ISC",
      "dependencies": {
        "nuedb-client": "^0.0.1"
      }
    },
    "node_modules/nuedb-client": {
      "version": "0.0.1",
      "resolved": "https://registry.npmjs.org/nuedb-client/-/nuedb-client-0.0.1.tgz",
      "integrity": "sha512-7DrYCAR+1I7tlvb7SYIh+ydOTgocCaMT5CpkD5xgg1cF4UG4df1UctTXQ5ccBu9xNL19TVQiRLiiOhn0V9whOg=="
    }
  }
}
