{
  "name": "nuedb-driver",
  "version": "0.1.5",
  "lockfileVersion": 3,
  "requires": true,
  "packages": {
    "": {
      "name": "nuedb-driver",
      "version": "0.1.5",
      "license": "ISC",
      "dependencies": {
        "nuedb-client": "0.2.1"
      }
    },
    "node_modules/dotenv": {
      "version": "16.4.5",
      "resolved": "https://registry.npmjs.org/dotenv/-/dotenv-16.4.5.tgz",
      "integrity": "sha512-ZmdL2rui+eB2YwhsWzjInR8LldtZHGDoQ1ugH85ppHKwpUHL7j7rN0Ti9NCnGiQbhaZ11FpR+7ao1dNsmduNUg==",
      "engines": {
        "node": ">=12"
      },
      "funding": {
        "url": "https://dotenvx.com"
      }
    },
    "node_modules/nuedb-client": {
      "version": "0.2.1",
      "resolved": "https://registry.npmjs.org/nuedb-client/-/nuedb-client-0.2.1.tgz",
      "integrity": "sha512-fxXpkQdS7yBeGFEEiFO/hypvJyeiaB52t9yZOGgiBFmZ3j2jF9WL8ZYy4x32XCxkiR7lW7Mre9AUfGxrDegK5w==",
      "dependencies": {
        "dotenv": "^16.4.5"
      }
    }
  }
}
